// !$*UTF8*$!
{
	archiveVersion = 1;
	classes = {
	};
	objectVersion = 77;
	objects = {

/* Begin PBXContainerItemProxy section */
		111AA7A92D4712BB004161CD /* PBXContainerItemProxy */ = {
			isa = PBXContainerItemProxy;
			containerPortal = 111AA7902D4712B6004161CD /* Project object */;
			proxyType = 1;
			remoteGlobalIDString = 111AA7972D4712B6004161CD;
			remoteInfo = MooovieTracks;
		};
		111AA7B32D4712BB004161CD /* PBXContainerItemProxy */ = {
			isa = PBXContainerItemProxy;
			containerPortal = 111AA7902D4712B6004161CD /* Project object */;
			proxyType = 1;
			remoteGlobalIDString = 111AA7972D4712B6004161CD;
			remoteInfo = MooovieTracks;
		};
/* End PBXContainerItemProxy section */

/* Begin PBXFileReference section */
		111AA7982D4712B7004161CD /* MooovieTracks.app */ = {isa = PBXFileReference; explicitFileType = wrapper.application; includeInIndex = 0; path = MooovieTracks.app; sourceTree = BUILT_PRODUCTS_DIR; };
		111AA7A82D4712BB004161CD /* MooovieTracksTests.xctest */ = {isa = PBXFileReference; explicitFileType = wrapper.cfbundle; includeInIndex = 0; path = MooovieTracksTests.xctest; sourceTree = BUILT_PRODUCTS_DIR; };
		111AA7B22D4712BB004161CD /* MooovieTracksUITests.xctest */ = {isa = PBXFileReference; explicitFileType = wrapper.cfbundle; includeInIndex = 0; path = MooovieTracksUITests.xctest; sourceTree = BUILT_PRODUCTS_DIR; };
/* End PBXFileReference section */

/* Begin PBXFileSystemSynchronizedBuildFileExceptionSet section */
		11B11BE62DF57BE80069064A /* Exceptions for "MooovieTracks" folder in "MooovieTracks" target */ = {
			isa = PBXFileSystemSynchronizedBuildFileExceptionSet;
			membershipExceptions = (
				Info.plist,
			);
			target = 111AA7972D4712B6004161CD /* MooovieTracks */;
		};
/* End PBXFileSystemSynchronizedBuildFileExceptionSet section */

/* Begin PBXFileSystemSynchronizedRootGroup section */
		111AA79A2D4712B7004161CD /* MooovieTracks */ = {
			isa = PBXFileSystemSynchronizedRootGroup;
			exceptions = (
				11B11BE62DF57BE80069064A /* Exceptions for "MooovieTracks" folder in "MooovieTracks" target */,
			);
			path = MooovieTracks;
			sourceTree = "<group>";
		};
		111AA7AB2D4712BB004161CD /* MooovieTracksTests */ = {
			isa = PBXFileSystemSynchronizedRootGroup;
			path = MooovieTracksTests;
			sourceTree = "<group>";
		};
		111AA7B52D4712BB004161CD /* MooovieTracksUITests */ = {
			isa = PBXFileSystemSynchronizedRootGroup;
			path = MooovieTracksUITests;
			sourceTree = "<group>";
		};
/* End PBXFileSystemSynchronizedRootGroup section */

/* Begin PBXFrameworksBuildPhase section */
		111AA7952D4712B6004161CD /* Frameworks */ = {
			isa = PBXFrameworksBuildPhase;
			buildActionMask = 2147483647;
			files = (
			);
			runOnlyForDeploymentPostprocessing = 0;
		};
		111AA7A52D4712BB004161CD /* Frameworks */ = {
			isa = PBXFrameworksBuildPhase;
			buildActionMask = 2147483647;
			files = (
			);
			runOnlyForDeploymentPostprocessing = 0;
		};
		111AA7AF2D4712BB004161CD /* Frameworks */ = {
			isa = PBXFrameworksBuildPhase;
			buildActionMask = 2147483647;
			files = (
			);
			runOnlyForDeploymentPostprocessing = 0;
		};
/* End PBXFrameworksBuildPhase section */

/* Begin PBXGroup section */
		111AA78F2D4712B6004161CD = {
			isa = PBXGroup;
			children = (
				111AA79A2D4712B7004161CD /* MooovieTracks */,
				111AA7AB2D4712BB004161CD /* MooovieTracksTests */,
				111AA7B52D4712BB004161CD /* MooovieTracksUITests */,
				111AA7992D4712B7004161CD /* Products */,
			);
			sourceTree = "<group>";
		};
		111AA7992D4712B7004161CD /* Products */ = {
			isa = PBXGroup;
			children = (
				111AA7982D4712B7004161CD /* MooovieTracks.app */,
				111AA7A82D4712BB004161CD /* MooovieTracksTests.xctest */,
				111AA7B22D4712BB004161CD /* MooovieTracksUITests.xctest */,
			);
			name = Products;
			sourceTree = "<group>";
		};
/* End PBXGroup section */

/* Begin PBXNativeTarget section */
		111AA7972D4712B6004161CD /* MooovieTracks */ = {
			isa = PBXNativeTarget;
			buildConfigurationList = 111AA7BC2D4712BB004161CD /* Build configuration list for PBXNativeTarget "MooovieTracks" */;
			buildPhases = (
				111AA7942D4712B6004161CD /* Sources */,
				111AA7952D4712B6004161CD /* Frameworks */,
				111AA7962D4712B6004161CD /* Resources */,
			);
			buildRules = (
			);
			dependencies = (
			);
			fileSystemSynchronizedGroups = (
				111AA79A2D4712B7004161CD /* MooovieTracks */,
			);
			name = MooovieTracks;
			packageProductDependencies = (
			);
			productName = MooovieTracks;
			productReference = 111AA7982D4712B7004161CD /* MooovieTracks.app */;
			productType = "com.apple.product-type.application";
		};
		111AA7A72D4712BB004161CD /* MooovieTracksTests */ = {
			isa = PBXNativeTarget;
			buildConfigurationList = 111AA7BF2D4712BB004161CD /* Build configuration list for PBXNativeTarget "MooovieTracksTests" */;
			buildPhases = (
				111AA7A42D4712BB004161CD /* Sources */,
				111AA7A52D4712BB004161CD /* Frameworks */,
				111AA7A62D4712BB004161CD /* Resources */,
			);
			buildRules = (
			);
			dependencies = (
				111AA7AA2D4712BB004161CD /* PBXTargetDependency */,
			);
			fileSystemSynchronizedGroups = (
				111AA7AB2D4712BB004161CD /* MooovieTracksTests */,
			);
			name = MooovieTracksTests;
			packageProductDependencies = (
			);
			productName = MooovieTracksTests;
			productReference = 111AA7A82D4712BB004161CD /* MooovieTracksTests.xctest */;
			productType = "com.apple.product-type.bundle.unit-test";
		};
		111AA7B12D4712BB004161CD /* MooovieTracksUITests */ = {
			isa = PBXNativeTarget;
			buildConfigurationList = 111AA7C22D4712BB004161CD /* Build configuration list for PBXNativeTarget "MooovieTracksUITests" */;
			buildPhases = (
				111AA7AE2D4712BB004161CD /* Sources */,
				111AA7AF2D4712BB004161CD /* Frameworks */,
				111AA7B02D4712BB004161CD /* Resources */,
			);
			buildRules = (
			);
			dependencies = (
				111AA7B42D4712BB004161CD /* PBXTargetDependency */,
			);
			fileSystemSynchronizedGroups = (
				111AA7B52D4712BB004161CD /* MooovieTracksUITests */,
			);
			name = MooovieTracksUITests;
			packageProductDependencies = (
			);
			productName = MooovieTracksUITests;
			productReference = 111AA7B22D4712BB004161CD /* MooovieTracksUITests.xctest */;
			productType = "com.apple.product-type.bundle.ui-testing";
		};
/* End PBXNativeTarget section */

/* Begin PBXProject section */
		111AA7902D4712B6004161CD /* Project object */ = {
			isa = PBXProject;
			attributes = {
				BuildIndependentTargetsInParallel = 1;
				LastSwiftUpdateCheck = 1620;
				LastUpgradeCheck = 1620;
				TargetAttributes = {
					111AA7972D4712B6004161CD = {
						CreatedOnToolsVersion = 16.2;
					};
					111AA7A72D4712BB004161CD = {
						CreatedOnToolsVersion = 16.2;
						TestTargetID = 111AA7972D4712B6004161CD;
					};
					111AA7B12D4712BB004161CD = {
						CreatedOnToolsVersion = 16.2;
						TestTargetID = 111AA7972D4712B6004161CD;
					};
				};
			};
			buildConfigurationList = 111AA7932D4712B6004161CD /* Build configuration list for PBXProject "MooovieTracks" */;
			developmentRegion = en;
			hasScannedForEncodings = 0;
			knownRegions = (
				en,
				Base,
			);
			mainGroup = 111AA78F2D4712B6004161CD;
			minimizedProjectReferenceProxies = 1;
			preferredProjectObjectVersion = 77;
			productRefGroup = 111AA7992D4712B7004161CD /* Products */;
			projectDirPath = "";
			projectRoot = "";
			targets = (
				111AA7972D4712B6004161CD /* MooovieTracks */,
				111AA7A72D4712BB004161CD /* MooovieTracksTests */,
				111AA7B12D4712BB004161CD /* MooovieTracksUITests */,
			);
		};
/* End PBXProject section */

/* Begin PBXResourcesBuildPhase section */
		111AA7962D4712B6004161CD /* Resources */ = {
			isa = PBXResourcesBuildPhase;
			buildActionMask = 2147483647;
			files = (
			);
			runOnlyForDeploymentPostprocessing = 0;
		};
		111AA7A62D4712BB004161CD /* Resources */ = {
			isa = PBXResourcesBuildPhase;
			buildActionMask = 2147483647;
			files = (
			);
			runOnlyForDeploymentPostprocessing = 0;
		};
		111AA7B02D4712BB004161CD /* Resources */ = {
			isa = PBXResourcesBuildPhase;
			buildActionMask = 2147483647;
			files = (
			);
			runOnlyForDeploymentPostprocessing = 0;
		};
/* End PBXResourcesBuildPhase section */

/* Begin PBXSourcesBuildPhase section */
		111AA7942D4712B6004161CD /* Sources */ = {
			isa = PBXSourcesBuildPhase;
			buildActionMask = 2147483647;
			files = (
			);
			runOnlyForDeploymentPostprocessing = 0;
		};
		111AA7A42D4712BB004161CD /* Sources */ = {
			isa = PBXSourcesBuildPhase;
			buildActionMask = 2147483647;
			files = (
			);
			runOnlyForDeploymentPostprocessing = 0;
		};
		111AA7AE2D4712BB004161CD /* Sources */ = {
			isa = PBXSourcesBuildPhase;
			buildActionMask = 2147483647;
			files = (
			);
			runOnlyForDeploymentPostprocessing = 0;
		};
/* End PBXSourcesBuildPhase section */

/* Begin PBXTargetDependency section */
		111AA7AA2D4712BB004161CD /* PBXTargetDependency */ = {
			isa = PBXTargetDependency;
			target = 111AA7972D4712B6004161CD /* MooovieTracks */;
			targetProxy = 111AA7A92D4712BB004161CD /* PBXContainerItemProxy */;
		};
		111AA7B42D4712BB004161CD /* PBXTargetDependency */ = {
			isa = PBXTargetDependency;
			target = 111AA7972D4712B6004161CD /* MooovieTracks */;
			targetProxy = 111AA7B32D4712BB004161CD /* PBXContainerItemProxy */;
		};
/* End PBXTargetDependency section */

/* Begin XCBuildConfiguration section */
		111AA7BA2D4712BB004161CD /* Debug */ = {
			isa = XCBuildConfiguration;
			buildSettings = {
				ALWAYS_SEARCH_USER_PATHS = NO;
				ASSETCATALOG_COMPILER_GENERATE_SWIFT_ASSET_SYMBOL_EXTENSIONS = YES;
				CLANG_ANALYZER_NONNULL = YES;
				CLANG_ANALYZER_NUMBER_OBJECT_CONVERSION = YES_AGGRESSIVE;
				CLANG_CXX_LANGUAGE_STANDARD = "gnu++20";
				CLANG_ENABLE_MODULES = YES;
				CLANG_ENABLE_OBJC_ARC = YES;
				CLANG_ENABLE_OBJC_WEAK = YES;
				CLANG_WARN_BLOCK_CAPTURE_AUTORELEASING = YES;
				CLANG_WARN_BOOL_CONVERSION = YES;
				CLANG_WARN_COMMA = YES;
				CLANG_WARN_CONSTANT_CONVERSION = YES;
				CLANG_WARN_DEPRECATED_OBJC_IMPLEMENTATIONS = YES;
				CLANG_WARN_DIRECT_OBJC_ISA_USAGE = YES_ERROR;
				CLANG_WARN_DOCUMENTATION_COMMENTS = YES;
				CLANG_WARN_EMPTY_BODY = YES;
				CLANG_WARN_ENUM_CONVERSION = YES;
				CLANG_WARN_INFINITE_RECURSION = YES;
				CLANG_WARN_INT_CONVERSION = YES;
				CLANG_WARN_NON_LITERAL_NULL_CONVERSION = YES;
				CLANG_WARN_OBJC_IMPLICIT_RETAIN_SELF = YES;
				CLANG_WARN_OBJC_LITERAL_CONVERSION = YES;
				CLANG_WARN_OBJC_ROOT_CLASS = YES_ERROR;
				CLANG_WARN_QUOTED_INCLUDE_IN_FRAMEWORK_HEADER = YES;
				CLANG_WARN_RANGE_LOOP_ANALYSIS = YES;
				CLANG_WARN_STRICT_PROTOTYPES = YES;
				CLANG_WARN_SUSPICIOUS_MOVE = YES;
				CLANG_WARN_UNGUARDED_AVAILABILITY = YES_AGGRESSIVE;
				CLANG_WARN_UNREACHABLE_CODE = YES;
				CLANG_WARN__DUPLICATE_METHOD_MATCH = YES;
				COPY_PHASE_STRIP = NO;
				DEBUG_INFORMATION_FORMAT = dwarf;
				ENABLE_STRICT_OBJC_MSGSEND = YES;
				ENABLE_TESTABILITY = YES;
				ENABLE_USER_SCRIPT_SANDBOXING = YES;
				GCC_C_LANGUAGE_STANDARD = gnu17;
				GCC_DYNAMIC_NO_PIC = NO;
				GCC_NO_COMMON_BLOCKS = YES;
				GCC_OPTIMIZATION_LEVEL = 0;
				GCC_PREPROCESSOR_DEFINITIONS = (
					"DEBUG=1",
					"$(inherited)",
				);
				GCC_WARN_64_TO_32_BIT_CONVERSION = YES;
				GCC_WARN_ABOUT_RETURN_TYPE = YES_ERROR;
				GCC_WARN_UNDECLARED_SELECTOR = YES;
				GCC_WARN_UNINITIALIZED_AUTOS = YES_AGGRESSIVE;
				GCC_WARN_UNUSED_FUNCTION = YES;
				GCC_WARN_UNUSED_VARIABLE = YES;
				IPHONEOS_DEPLOYMENT_TARGET = 18.2;
				LOCALIZATION_PREFERS_STRING_CATALOGS = YES;
				MTL_ENABLE_DEBUG_INFO = INCLUDE_SOURCE;
				MTL_FAST_MATH = YES;
				ONLY_ACTIVE_ARCH = YES;
				SDKROOT = iphoneos;
				SWIFT_ACTIVE_COMPILATION_CONDITIONS = "DEBUG $(inherited)";
				SWIFT_OPTIMIZATION_LEVEL = "-Onone";
			};
			name = Debug;
		};
		111AA7BB2D4712BB004161CD /* Release */ = {
			isa = XCBuildConfiguration;
			buildSettings = {
				ALWAYS_SEARCH_USER_PATHS = NO;
				ASSETCATALOG_COMPILER_GENERATE_SWIFT_ASSET_SYMBOL_EXTENSIONS = YES;
				CLANG_ANALYZER_NONNULL = YES;
				CLANG_ANALYZER_NUMBER_OBJECT_CONVERSION = YES_AGGRESSIVE;
				CLANG_CXX_LANGUAGE_STANDARD = "gnu++20";
				CLANG_ENABLE_MODULES = YES;
				CLANG_ENABLE_OBJC_ARC = YES;
				CLANG_ENABLE_OBJC_WEAK = YES;
				CLANG_WARN_BLOCK_CAPTURE_AUTORELEASING = YES;
				CLANG_WARN_BOOL_CONVERSION = YES;
				CLANG_WARN_COMMA = YES;
				CLANG_WARN_CONSTANT_CONVERSION = YES;
				CLANG_WARN_DEPRECATED_OBJC_IMPLEMENTATIONS = YES;
				CLANG_WARN_DIRECT_OBJC_ISA_USAGE = YES_ERROR;
				CLANG_WARN_DOCUMENTATION_COMMENTS = YES;
				CLANG_WARN_EMPTY_BODY = YES;
				CLANG_WARN_ENUM_CONVERSION = YES;
				CLANG_WARN_INFINITE_RECURSION = YES;
				CLANG_WARN_INT_CONVERSION = YES;
				CLANG_WARN_NON_LITERAL_NULL_CONVERSION = YES;
				CLANG_WARN_OBJC_IMPLICIT_RETAIN_SELF = YES;
				CLANG_WARN_OBJC_LITERAL_CONVERSION = YES;
				CLANG_WARN_OBJC_ROOT_CLASS = YES_ERROR;
				CLANG_WARN_QUOTED_INCLUDE_IN_FRAMEWORK_HEADER = YES;
				CLANG_WARN_RANGE_LOOP_ANALYSIS = YES;
				CLANG_WARN_STRICT_PROTOTYPES = YES;
				CLANG_WARN_SUSPICIOUS_MOVE = YES;
				CLANG_WARN_UNGUARDED_AVAILABILITY = YES_AGGRESSIVE;
				CLANG_WARN_UNREACHABLE_CODE = YES;
				CLANG_WARN__DUPLICATE_METHOD_MATCH = YES;
				COPY_PHASE_STRIP = NO;
				DEBUG_INFORMATION_FORMAT = "dwarf-with-dsym";
				ENABLE_NS_ASSERTIONS = NO;
				ENABLE_STRICT_OBJC_MSGSEND = YES;
				ENABLE_USER_SCRIPT_SANDBOXING = YES;
				GCC_C_LANGUAGE_STANDARD = gnu17;
				GCC_NO_COMMON_BLOCKS = YES;
				GCC_WARN_64_TO_32_BIT_CONVERSION = YES;
				GCC_WARN_ABOUT_RETURN_TYPE = YES_ERROR;
				GCC_WARN_UNDECLARED_SELECTOR = YES;
				GCC_WARN_UNINITIALIZED_AUTOS = YES_AGGRESSIVE;
				GCC_WARN_UNUSED_FUNCTION = YES;
				GCC_WARN_UNUSED_VARIABLE = YES;
				IPHONEOS_DEPLOYMENT_TARGET = 18.2;
				LOCALIZATION_PREFERS_STRING_CATALOGS = YES;
				MTL_ENABLE_DEBUG_INFO = NO;
				MTL_FAST_MATH = YES;
				SDKROOT = iphoneos;
				SWIFT_COMPILATION_MODE = wholemodule;
				VALIDATE_PRODUCT = YES;
			};
			name = Release;
		};
		111AA7BD2D4712BB004161CD /* Debug */ = {
			isa = XCBuildConfiguration;
			buildSettings = {
				ASSETCATALOG_COMPILER_APPICON_NAME = AppIcon;
				ASSETCATALOG_COMPILER_GLOBAL_ACCENT_COLOR_NAME = AccentColor;
				CODE_SIGN_STYLE = Automatic;
				CURRENT_PROJECT_VERSION = 1;
				DEVELOPMENT_ASSET_PATHS = "\"MooovieTracks/Preview Content\"";
				ENABLE_PREVIEWS = YES;
				GENERATE_INFOPLIST_FILE = YES;
				INFOPLIST_FILE = MooovieTracks/Info.plist;
				INFOPLIST_KEY_UIApplicationSceneManifest_Generation = YES;
				INFOPLIST_KEY_UIApplicationSupportsIndirectInputEvents = YES;
				INFOPLIST_KEY_UILaunchScreen_Generation = YES;
				INFOPLIST_KEY_UISupportedInterfaceOrientations_iPad = "UIInterfaceOrientationPortrait UIInterfaceOrientationPortraitUpsideDown UIInterfaceOrientationLandscapeLeft UIInterfaceOrientationLandscapeRight";
				INFOPLIST_KEY_UISupportedInterfaceOrientations_iPhone = "UIInterfaceOrientationPortrait UIInterfaceOrientationLandscapeLeft UIInterfaceOrientationLandscapeRight";
				LD_RUNPATH_SEARCH_PATHS = (
					"$(inherited)",
					"@executable_path/Frameworks",
				);
				MARKETING_VERSION = 1.0;
				PRODUCT_BUNDLE_IDENTIFIER = com.siyona.MooovieTracks;
				PRODUCT_NAME = "$(TARGET_NAME)";
				SWIFT_EMIT_LOC_STRINGS = YES;
				SWIFT_VERSION = 5.0;
				TARGETED_DEVICE_FAMILY = "1,2";
			};
			name = Debug;
		};
		111AA7BE2D4712BB004161CD /* Release */ = {
			isa = XCBuildConfiguration;
			buildSettings = {
				ASSETCATALOG_COMPILER_APPICON_NAME = AppIcon;
				ASSETCATALOG_COMPILER_GLOBAL_ACCENT_COLOR_NAME = AccentColor;
				CODE_SIGN_STYLE = Automatic;
				CURRENT_PROJECT_VERSION = 1;
				DEVELOPMENT_ASSET_PATHS = "\"MooovieTracks/Preview Content\"";
				ENABLE_PREVIEWS = YES;
				GENERATE_INFOPLIST_FILE = YES;
				INFOPLIST_FILE = MooovieTracks/Info.plist;
				INFOPLIST_KEY_UIApplicationSceneManifest_Generation = YES;
				INFOPLIST_KEY_UIApplicationSupportsIndirectInputEvents = YES;
				INFOPLIST_KEY_UILaunchScreen_Generation = YES;
				INFOPLIST_KEY_UISupportedInterfaceOrientations_iPad = "UIInterfaceOrientationPortrait UIInterfaceOrientationPortraitUpsideDown UIInterfaceOrientationLandscapeLeft UIInterfaceOrientationLandscapeRight";
				INFOPLIST_KEY_UISupportedInterfaceOrientations_iPhone = "UIInterfaceOrientationPortrait UIInterfaceOrientationLandscapeLeft UIInterfaceOrientationLandscapeRight";
				LD_RUNPATH_SEARCH_PATHS = (
					"$(inherited)",
					"@executable_path/Frameworks",
				);
				MARKETING_VERSION = 1.0;
				PRODUCT_BUNDLE_IDENTIFIER = com.siyona.MooovieTracks;
				PRODUCT_NAME = "$(TARGET_NAME)";
				SWIFT_EMIT_LOC_STRINGS = YES;
				SWIFT_VERSION = 5.0;
				TARGETED_DEVICE_FAMILY = "1,2";
			};
			name = Release;
		};
		111AA7C02D4712BB004161CD /* Debug */ = {
			isa = XCBuildConfiguration;
			buildSettings = {
				BUNDLE_LOADER = "$(TEST_HOST)";
				CODE_SIGN_STYLE = Automatic;
				CURRENT_PROJECT_VERSION = 1;
				GENERATE_INFOPLIST_FILE = YES;
				IPHONEOS_DEPLOYMENT_TARGET = 18.2;
				MARKETING_VERSION = 1.0;
				PRODUCT_BUNDLE_IDENTIFIER = com.siyona.MooovieTracksTests;
				PRODUCT_NAME = "$(TARGET_NAME)";
				SWIFT_EMIT_LOC_STRINGS = NO;
				SWIFT_VERSION = 5.0;
				TARGETED_DEVICE_FAMILY = "1,2";
				TEST_HOST = "$(BUILT_PRODUCTS_DIR)/MooovieTracks.app/$(BUNDLE_EXECUTABLE_FOLDER_PATH)/MooovieTracks";
			};
			name = Debug;
		};
		111AA7C12D4712BB004161CD /* Release */ = {
			isa = XCBuildConfiguration;
			buildSettings = {
				BUNDLE_LOADER = "$(TEST_HOST)";
				CODE_SIGN_STYLE = Automatic;
				CURRENT_PROJECT_VERSION = 1;
				GENERATE_INFOPLIST_FILE = YES;
				IPHONEOS_DEPLOYMENT_TARGET = 18.2;
				MARKETING_VERSION = 1.0;
				PRODUCT_BUNDLE_IDENTIFIER = com.siyona.MooovieTracksTests;
				PRODUCT_NAME = "$(TARGET_NAME)";
				SWIFT_EMIT_LOC_STRINGS = NO;
				SWIFT_VERSION = 5.0;
				TARGETED_DEVICE_FAMILY = "1,2";
				TEST_HOST = "$(BUILT_PRODUCTS_DIR)/MooovieTracks.app/$(BUNDLE_EXECUTABLE_FOLDER_PATH)/MooovieTracks";
			};
			name = Release;
		};
		111AA7C32D4712BB004161CD /* Debug */ = {
			isa = XCBuildConfiguration;
			buildSettings = {
				CODE_SIGN_STYLE = Automatic;
				CURRENT_PROJECT_VERSION = 1;
				GENERATE_INFOPLIST_FILE = YES;
				MARKETING_VERSION = 1.0;
				PRODUCT_BUNDLE_IDENTIFIER = com.siyona.MooovieTracksUITests;
				PRODUCT_NAME = "$(TARGET_NAME)";
				SWIFT_EMIT_LOC_STRINGS = NO;
				SWIFT_VERSION = 5.0;
				TARGETED_DEVICE_FAMILY = "1,2";
				TEST_TARGET_NAME = MooovieTracks;
			};
			name = Debug;
		};
		111AA7C42D4712BB004161CD /* Release */ = {
			isa = XCBuildConfiguration;
			buildSettings = {
				CODE_SIGN_STYLE = Automatic;
				CURRENT_PROJECT_VERSION = 1;
				GENERATE_INFOPLIST_FILE = YES;
				MARKETING_VERSION = 1.0;
				PRODUCT_BUNDLE_IDENTIFIER = com.siyona.MooovieTracksUITests;
				PRODUCT_NAME = "$(TARGET_NAME)";
				SWIFT_EMIT_LOC_STRINGS = NO;
				SWIFT_VERSION = 5.0;
				TARGETED_DEVICE_FAMILY = "1,2";
				TEST_TARGET_NAME = MooovieTracks;
			};
			name = Release;
		};
/* End XCBuildConfiguration section */

/* Begin XCConfigurationList section */
		111AA7932D4712B6004161CD /* Build configuration list for PBXProject "MooovieTracks" */ = {
			isa = XCConfigurationList;
			buildConfigurations = (
				111AA7BA2D4712BB004161CD /* Debug */,
				111AA7BB2D4712BB004161CD /* Release */,
			);
			defaultConfigurationIsVisible = 0;
			defaultConfigurationName = Release;
		};
		111AA7BC2D4712BB004161CD /* Build configuration list for PBXNativeTarget "MooovieTracks" */ = {
			isa = XCConfigurationList;
			buildConfigurations = (
				111AA7BD2D4712BB004161CD /* Debug */,
				111AA7BE2D4712BB004161CD /* Release */,
			);
			defaultConfigurationIsVisible = 0;
			defaultConfigurationName = Release;
		};
		111AA7BF2D4712BB004161CD /* Build configuration list for PBXNativeTarget "MooovieTracksTests" */ = {
			isa = XCConfigurationList;
			buildConfigurations = (
				111AA7C02D4712BB004161CD /* Debug */,
				111AA7C12D4712BB004161CD /* Release */,
			);
			defaultConfigurationIsVisible = 0;
			defaultConfigurationName = Release;
		};
		111AA7C22D4712BB004161CD /* Build configuration list for PBXNativeTarget "MooovieTracksUITests" */ = {
			isa = XCConfigurationList;
			buildConfigurations = (
				111AA7C32D4712BB004161CD /* Debug */,
				111AA7C42D4712BB004161CD /* Release */,
			);
			defaultConfigurationIsVisible = 0;
			defaultConfigurationName = Release;
		};
/* End XCConfigurationList section */
	};
	rootObject = 111AA7902D4712B6004161CD /* Project object */;
}
